
Microsoft Visual Studio Solution File, Format Version 12.00
# Visual Studio Version 17
VisualStudioVersion = 17.14.36310.24
MinimumVisualStudioVersion = 10.0.40219.1
Project("{FAE04EC0-301F-11D3-BF4B-00C04F79EFBC}") = "Restaurant.Api", "src\Restaurant.Api\Restaurant.Api.csproj", "{5945C952-9C63-45C7-8A57-ED85F2CB1FA9}"
EndProject
Project("{2150E333-8FDC-42A3-9474-1A3956D46DE8}") = "Core", "Core", "{19FDF2A0-08A1-46B6-8621-40217480422F}"
EndProject
Project("{2150E333-8FDC-42A3-9474-1A3956D46DE8}") = "Infrastructure", "Infrastructure", "{6566DFD1-A90E-4A55-94CB-6FAA74A74C1F}"
EndProject
Project("{FAE04EC0-301F-11D3-BF4B-00C04F79EFBC}") = "Shared", "src\Shared\Shared.csproj", "{E4169F90-EAD3-4F44-87E1-327A429A4CCE}"
EndProject
Project("{FAE04EC0-301F-11D3-BF4B-00C04F79EFBC}") = "Domain", "src\Domain\Domain.csproj", "{35131579-9C2F-40F6-8DE1-BCE75F9394E2}"
EndProject
Project("{FAE04EC0-301F-11D3-BF4B-00C04F79EFBC}") = "Services", "src\Services\Services.csproj", "{D91F3783-CED0-4019-90AA-8B14301466D6}"
EndProject
Project("{FAE04EC0-301F-11D3-BF4B-00C04F79EFBC}") = "Services.Abstraction", "src\Services.Abstraction\Services.Abstraction.csproj", "{FC96DD5E-2B1C-43E9-A0A2-77C75EC946BB}"
EndProject
Project("{FAE04EC0-301F-11D3-BF4B-00C04F79EFBC}") = "Persistence", "src\Persistence\Persistence.csproj", "{49CD26C8-7738-44F6-A80B-0CD15EB8171D}"
EndProject
Project("{FAE04EC0-301F-11D3-BF4B-00C04F79EFBC}") = "Presentation", "src\Presentation\Presentation.csproj", "{6824AA75-48D5-4CC1-95B7-4115EEF99EA2}"
EndProject
Global
	GlobalSection(SolutionConfigurationPlatforms) = preSolution
		Debug|Any CPU = Debug|Any CPU
		Release|Any CPU = Release|Any CPU
	EndGlobalSection
	GlobalSection(ProjectConfigurationPlatforms) = postSolution
		{5945C952-9C63-45C7-8A57-ED85F2CB1FA9}.Debug|Any CPU.ActiveCfg = Debug|Any CPU
		{5945C952-9C63-45C7-8A57-ED85F2CB1FA9}.Debug|Any CPU.Build.0 = Debug|Any CPU
		{5945C952-9C63-45C7-8A57-ED85F2CB1FA9}.Release|Any CPU.ActiveCfg = Release|Any CPU
		{5945C952-9C63-45C7-8A57-ED85F2CB1FA9}.Release|Any CPU.Build.0 = Release|Any CPU
		{E4169F90-EAD3-4F44-87E1-327A429A4CCE}.Debug|Any CPU.ActiveCfg = Debug|Any CPU
		{E4169F90-EAD3-4F44-87E1-327A429A4CCE}.Debug|Any CPU.Build.0 = Debug|Any CPU
		{E4169F90-EAD3-4F44-87E1-327A429A4CCE}.Release|Any CPU.ActiveCfg = Release|Any CPU
		{E4169F90-EAD3-4F44-87E1-327A429A4CCE}.Release|Any CPU.Build.0 = Release|Any CPU
		{35131579-9C2F-40F6-8DE1-BCE75F9394E2}.Debug|Any CPU.ActiveCfg = Debug|Any CPU
		{35131579-9C2F-40F6-8DE1-BCE75F9394E2}.Debug|Any CPU.Build.0 = Debug|Any CPU
		{35131579-9C2F-40F6-8DE1-BCE75F9394E2}.Release|Any CPU.ActiveCfg = Release|Any CPU
		{35131579-9C2F-40F6-8DE1-BCE75F9394E2}.Release|Any CPU.Build.0 = Release|Any CPU
		{D91F3783-CED0-4019-90AA-8B14301466D6}.Debug|Any CPU.ActiveCfg = Debug|Any CPU
		{D91F3783-CED0-4019-90AA-8B14301466D6}.Debug|Any CPU.Build.0 = Debug|Any CPU
		{D91F3783-CED0-4019-90AA-8B14301466D6}.Release|Any CPU.ActiveCfg = Release|Any CPU
		{D91F3783-CED0-4019-90AA-8B14301466D6}.Release|Any CPU.Build.0 = Release|Any CPU
		{FC96DD5E-2B1C-43E9-A0A2-77C75EC946BB}.Debug|Any CPU.ActiveCfg = Debug|Any CPU
		{FC96DD5E-2B1C-43E9-A0A2-77C75EC946BB}.Debug|Any CPU.Build.0 = Debug|Any CPU
		{FC96DD5E-2B1C-43E9-A0A2-77C75EC946BB}.Release|Any CPU.ActiveCfg = Release|Any CPU
		{FC96DD5E-2B1C-43E9-A0A2-77C75EC946BB}.Release|Any CPU.Build.0 = Release|Any CPU
		{49CD26C8-7738-44F6-A80B-0CD15EB8171D}.Debug|Any CPU.ActiveCfg = Debug|Any CPU
		{49CD26C8-7738-44F6-A80B-0CD15EB8171D}.Debug|Any CPU.Build.0 = Debug|Any CPU
		{49CD26C8-7738-44F6-A80B-0CD15EB8171D}.Release|Any CPU.ActiveCfg = Release|Any CPU
		{49CD26C8-7738-44F6-A80B-0CD15EB8171D}.Release|Any CPU.Build.0 = Release|Any CPU
		{6824AA75-48D5-4CC1-95B7-4115EEF99EA2}.Debug|Any CPU.ActiveCfg = Debug|Any CPU
		{6824AA75-48D5-4CC1-95B7-4115EEF99EA2}.Debug|Any CPU.Build.0 = Debug|Any CPU
		{6824AA75-48D5-4CC1-95B7-4115EEF99EA2}.Release|Any CPU.ActiveCfg = Release|Any CPU
		{6824AA75-48D5-4CC1-95B7-4115EEF99EA2}.Release|Any CPU.Build.0 = Release|Any CPU
	EndGlobalSection
	GlobalSection(SolutionProperties) = preSolution
		HideSolutionNode = FALSE
	EndGlobalSection
	GlobalSection(NestedProjects) = preSolution
		{35131579-9C2F-40F6-8DE1-BCE75F9394E2} = {19FDF2A0-08A1-46B6-8621-40217480422F}
		{D91F3783-CED0-4019-90AA-8B14301466D6} = {19FDF2A0-08A1-46B6-8621-40217480422F}
		{FC96DD5E-2B1C-43E9-A0A2-77C75EC946BB} = {19FDF2A0-08A1-46B6-8621-40217480422F}
		{49CD26C8-7738-44F6-A80B-0CD15EB8171D} = {6566DFD1-A90E-4A55-94CB-6FAA74A74C1F}
		{6824AA75-48D5-4CC1-95B7-4115EEF99EA2} = {6566DFD1-A90E-4A55-94CB-6FAA74A74C1F}
	EndGlobalSection
	GlobalSection(ExtensibilityGlobals) = postSolution
		SolutionGuid = {08D225F9-223F-4E80-829D-CE00BD00806A}
	EndGlobalSection
EndGlobal
