
Microsoft Visual Studio Solution File, Format Version 12.00
# Visual Studio Version 17
VisualStudioVersion = 17.14.36310.24 d17.14
MinimumVisualStudioVersion = 10.0.40219.1
Project("{FAE04EC0-301F-11D3-BF4B-00C04F79EFBC}") = "Restaurant.Api", "src\Restaurant.Api\Restaurant.Api.csproj", "{5945C952-9C63-45C7-8A57-ED85F2CB1FA9}"
EndProject
Project("{2150E333-8FDC-42A3-9474-1A3956D46DE8}") = "src", "src", "{02EA681E-C7D8-13C7-8484-4AC65E1B71E8}"
EndProject
Project("{2150E333-8FDC-42A3-9474-1A3956D46DE8}") = "Core", "Core", "{19FDF2A0-08A1-46B6-8621-40217480422F}"
EndProject
Project("{2150E333-8FDC-42A3-9474-1A3956D46DE8}") = "Infrastructure", "Infrastructure", "{6566DFD1-A90E-4A55-94CB-6FAA74A74C1F}"
EndProject
Global
	GlobalSection(SolutionConfigurationPlatforms) = preSolution
		Debug|Any CPU = Debug|Any CPU
		Release|Any CPU = Release|Any CPU
	EndGlobalSection
	GlobalSection(ProjectConfigurationPlatforms) = postSolution
		{5945C952-9C63-45C7-8A57-ED85F2CB1FA9}.Debug|Any CPU.ActiveCfg = Debug|Any CPU
		{5945C952-9C63-45C7-8A57-ED85F2CB1FA9}.Debug|Any CPU.Build.0 = Debug|Any CPU
		{5945C952-9C63-45C7-8A57-ED85F2CB1FA9}.Release|Any CPU.ActiveCfg = Release|Any CPU
		{5945C952-9C63-45C7-8A57-ED85F2CB1FA9}.Release|Any CPU.Build.0 = Release|Any CPU
	EndGlobalSection
	GlobalSection(SolutionProperties) = preSolution
		HideSolutionNode = FALSE
	EndGlobalSection
	GlobalSection(NestedProjects) = preSolution
		{5945C952-9C63-45C7-8A57-ED85F2CB1FA9} = {02EA681E-C7D8-13C7-8484-4AC65E1B71E8}
		{19FDF2A0-08A1-46B6-8621-40217480422F} = {02EA681E-C7D8-13C7-8484-4AC65E1B71E8}
		{6566DFD1-A90E-4A55-94CB-6FAA74A74C1F} = {02EA681E-C7D8-13C7-8484-4AC65E1B71E8}
	EndGlobalSection
	GlobalSection(ExtensibilityGlobals) = postSolution
		SolutionGuid = {08D225F9-223F-4E80-829D-CE00BD00806A}
	EndGlobalSection
EndGlobal
